
Microsoft Visual Studio Solution File, Format Version 12.00
# Visual Studio Version 16
VisualStudioVersion = 16.0.29806.167
MinimumVisualStudioVersion = 10.0.40219.1
Project("{2150E333-8FDC-42A3-9474-1A3956D46DE8}") = "src", "src", "{695999DC-71B9-482B-A084-FD9157CB59AD}"
EndProject
Project("{2150E333-8FDC-42A3-9474-1A3956D46DE8}") = "Catalog", "Catalog", "{2C9EE55D-1D0E-4BE3-A4EA-DE6DC4152044}"
EndProject
Project("{2150E333-8FDC-42A3-9474-1A3956D46DE8}") = "Services", "Services", "{67BB929F-F103-4DE0-935D-58E06F67F5F0}"
EndProject
Project("{2150E333-8FDC-42A3-9474-1A3956D46DE8}") = "Basket", "Basket", "{2EA1F42C-974E-4C9F-A5E0-4DAB47152731}"
EndProject
Project("{9A19103F-16F7-4668-BE54-9A1E7A4F7556}") = "Basket.API", "src\Services\Basket\Basket.API\Basket.API.csproj", "{64800554-351B-427D-87ED-436D14E403C0}"
EndProject
Project("{2150E333-8FDC-42A3-9474-1A3956D46DE8}") = "EventBus", "EventBus", "{0DEDC92B-0060-479C-92D9-D585C0D6248E}"
EndProject
Project("{9A19103F-16F7-4668-BE54-9A1E7A4F7556}") = "EventBusRabbitMQ", "src\Services\EventBus\EventBusRabbitMQ\EventBusRabbitMQ.csproj", "{CFF92DD0-1986-42C4-9B04-80C5F4F268F9}"
EndProject
Project("{2150E333-8FDC-42A3-9474-1A3956D46DE8}") = "Order", "Order", "{C7422EFA-7DBA-4158-9FA2-5B9D8E9FD384}"
EndProject
Project("{9A19103F-16F7-4668-BE54-9A1E7A4F7556}") = "Order.Infrastructure", "src\Services\Order\Order.Infrastructure\Order.Infrastructure.csproj", "{87F46F85-C3A0-4DD2-9A64-3C95DE04049C}"
EndProject
Project("{9A19103F-16F7-4668-BE54-9A1E7A4F7556}") = "Order.Core", "src\Services\Order\Order.Core\Order.Core.csproj", "{3493176F-53D8-478C-AEF0-235842E6F4CE}"
EndProject
Project("{9A19103F-16F7-4668-BE54-9A1E7A4F7556}") = "Order.Application", "src\Services\Order\Order.Application\Order.Application.csproj", "{41B542D9-7737-42C4-B891-6052025DC0EB}"
EndProject
Project("{9A19103F-16F7-4668-BE54-9A1E7A4F7556}") = "Order.API", "src\Services\Order\Order.API\Order.API.csproj", "{2F271F0C-92F7-4667-84F1-A2A991817EA8}"
EndProject
Project("{9A19103F-16F7-4668-BE54-9A1E7A4F7556}") = "Catalog.API", "src\Services\Catalog\Catalog.API\Catalog.API.csproj", "{E6C9BAD2-6F86-4C5C-9156-832A3849F837}"
EndProject
Project("{E53339B2-1760-4266-BCC7-CA923CBCF16C}") = "docker-compose", "docker-compose.dcproj", "{8E55954A-D618-4758-9C52-C8155B7899A7}"
EndProject
Project("{2150E333-8FDC-42A3-9474-1A3956D46DE8}") = "APIGateway", "APIGateway", "{1D658492-B630-4D15-AEFA-8A8A1EC516DD}"
EndProject
Project("{9A19103F-16F7-4668-BE54-9A1E7A4F7556}") = "Ocelot.APIGateway", "src\Services\Ocelot.APIGateway\Ocelot.APIGateway.csproj", "{CAB2C9EC-AF25-49FC-87AA-21A2DD291CED}"
EndProject
Project("{2150E333-8FDC-42A3-9474-1A3956D46DE8}") = "Solution Items", "Solution Items", "{DB7F7B21-74EA-4E44-B221-F87ACEA60FD4}"
	ProjectSection(SolutionItems) = preProject
		.env = .env
	EndProjectSection
EndProject
Project("{2150E333-8FDC-42A3-9474-1A3956D46DE8}") = "WebApp", "WebApp", "{F5F126BD-B226-40E7-9EBC-D5712662DCF0}"
EndProject
Project("{9A19103F-16F7-4668-BE54-9A1E7A4F7556}") = "WebApp", "src\WebApp\WebApp.csproj", "{016229D6-18D7-491F-BD22-0667FB568C86}"
EndProject
Global
	GlobalSection(SolutionConfigurationPlatforms) = preSolution
		Debug|Any CPU = Debug|Any CPU
		Release|Any CPU = Release|Any CPU
	EndGlobalSection
	GlobalSection(ProjectConfigurationPlatforms) = postSolution
		{64800554-351B-427D-87ED-436D14E403C0}.Debug|Any CPU.ActiveCfg = Debug|Any CPU
		{64800554-351B-427D-87ED-436D14E403C0}.Debug|Any CPU.Build.0 = Debug|Any CPU
		{64800554-351B-427D-87ED-436D14E403C0}.Release|Any CPU.ActiveCfg = Release|Any CPU
		{64800554-351B-427D-87ED-436D14E403C0}.Release|Any CPU.Build.0 = Release|Any CPU
		{CFF92DD0-1986-42C4-9B04-80C5F4F268F9}.Debug|Any CPU.ActiveCfg = Debug|Any CPU
		{CFF92DD0-1986-42C4-9B04-80C5F4F268F9}.Debug|Any CPU.Build.0 = Debug|Any CPU
		{CFF92DD0-1986-42C4-9B04-80C5F4F268F9}.Release|Any CPU.ActiveCfg = Release|Any CPU
		{CFF92DD0-1986-42C4-9B04-80C5F4F268F9}.Release|Any CPU.Build.0 = Release|Any CPU
		{87F46F85-C3A0-4DD2-9A64-3C95DE04049C}.Debug|Any CPU.ActiveCfg = Debug|Any CPU
		{87F46F85-C3A0-4DD2-9A64-3C95DE04049C}.Debug|Any CPU.Build.0 = Debug|Any CPU
		{87F46F85-C3A0-4DD2-9A64-3C95DE04049C}.Release|Any CPU.ActiveCfg = Release|Any CPU
		{87F46F85-C3A0-4DD2-9A64-3C95DE04049C}.Release|Any CPU.Build.0 = Release|Any CPU
		{3493176F-53D8-478C-AEF0-235842E6F4CE}.Debug|Any CPU.ActiveCfg = Debug|Any CPU
		{3493176F-53D8-478C-AEF0-235842E6F4CE}.Debug|Any CPU.Build.0 = Debug|Any CPU
		{3493176F-53D8-478C-AEF0-235842E6F4CE}.Release|Any CPU.ActiveCfg = Release|Any CPU
		{3493176F-53D8-478C-AEF0-235842E6F4CE}.Release|Any CPU.Build.0 = Release|Any CPU
		{41B542D9-7737-42C4-B891-6052025DC0EB}.Debug|Any CPU.ActiveCfg = Debug|Any CPU
		{41B542D9-7737-42C4-B891-6052025DC0EB}.Debug|Any CPU.Build.0 = Debug|Any CPU
		{41B542D9-7737-42C4-B891-6052025DC0EB}.Release|Any CPU.ActiveCfg = Release|Any CPU
		{41B542D9-7737-42C4-B891-6052025DC0EB}.Release|Any CPU.Build.0 = Release|Any CPU
		{2F271F0C-92F7-4667-84F1-A2A991817EA8}.Debug|Any CPU.ActiveCfg = Debug|Any CPU
		{2F271F0C-92F7-4667-84F1-A2A991817EA8}.Debug|Any CPU.Build.0 = Debug|Any CPU
		{2F271F0C-92F7-4667-84F1-A2A991817EA8}.Release|Any CPU.ActiveCfg = Release|Any CPU
		{2F271F0C-92F7-4667-84F1-A2A991817EA8}.Release|Any CPU.Build.0 = Release|Any CPU
		{E6C9BAD2-6F86-4C5C-9156-832A3849F837}.Debug|Any CPU.ActiveCfg = Debug|Any CPU
		{E6C9BAD2-6F86-4C5C-9156-832A3849F837}.Debug|Any CPU.Build.0 = Debug|Any CPU
		{E6C9BAD2-6F86-4C5C-9156-832A3849F837}.Release|Any CPU.ActiveCfg = Release|Any CPU
		{E6C9BAD2-6F86-4C5C-9156-832A3849F837}.Release|Any CPU.Build.0 = Release|Any CPU
		{8E55954A-D618-4758-9C52-C8155B7899A7}.Debug|Any CPU.ActiveCfg = Debug|Any CPU
		{8E55954A-D618-4758-9C52-C8155B7899A7}.Debug|Any CPU.Build.0 = Debug|Any CPU
		{8E55954A-D618-4758-9C52-C8155B7899A7}.Release|Any CPU.ActiveCfg = Release|Any CPU
		{8E55954A-D618-4758-9C52-C8155B7899A7}.Release|Any CPU.Build.0 = Release|Any CPU
		{CAB2C9EC-AF25-49FC-87AA-21A2DD291CED}.Debug|Any CPU.ActiveCfg = Debug|Any CPU
		{CAB2C9EC-AF25-49FC-87AA-21A2DD291CED}.Debug|Any CPU.Build.0 = Debug|Any CPU
		{CAB2C9EC-AF25-49FC-87AA-21A2DD291CED}.Release|Any CPU.ActiveCfg = Release|Any CPU
		{CAB2C9EC-AF25-49FC-87AA-21A2DD291CED}.Release|Any CPU.Build.0 = Release|Any CPU
		{016229D6-18D7-491F-BD22-0667FB568C86}.Debug|Any CPU.ActiveCfg = Debug|Any CPU
		{016229D6-18D7-491F-BD22-0667FB568C86}.Debug|Any CPU.Build.0 = Debug|Any CPU
		{016229D6-18D7-491F-BD22-0667FB568C86}.Release|Any CPU.ActiveCfg = Release|Any CPU
		{016229D6-18D7-491F-BD22-0667FB568C86}.Release|Any CPU.Build.0 = Release|Any CPU
	EndGlobalSection
	GlobalSection(SolutionProperties) = preSolution
		HideSolutionNode = FALSE
	EndGlobalSection
	GlobalSection(NestedProjects) = preSolution
		{2C9EE55D-1D0E-4BE3-A4EA-DE6DC4152044} = {67BB929F-F103-4DE0-935D-58E06F67F5F0}
		{67BB929F-F103-4DE0-935D-58E06F67F5F0} = {695999DC-71B9-482B-A084-FD9157CB59AD}
		{2EA1F42C-974E-4C9F-A5E0-4DAB47152731} = {67BB929F-F103-4DE0-935D-58E06F67F5F0}
		{64800554-351B-427D-87ED-436D14E403C0} = {2EA1F42C-974E-4C9F-A5E0-4DAB47152731}
		{0DEDC92B-0060-479C-92D9-D585C0D6248E} = {67BB929F-F103-4DE0-935D-58E06F67F5F0}
		{CFF92DD0-1986-42C4-9B04-80C5F4F268F9} = {0DEDC92B-0060-479C-92D9-D585C0D6248E}
		{C7422EFA-7DBA-4158-9FA2-5B9D8E9FD384} = {67BB929F-F103-4DE0-935D-58E06F67F5F0}
		{87F46F85-C3A0-4DD2-9A64-3C95DE04049C} = {C7422EFA-7DBA-4158-9FA2-5B9D8E9FD384}
		{3493176F-53D8-478C-AEF0-235842E6F4CE} = {C7422EFA-7DBA-4158-9FA2-5B9D8E9FD384}
		{41B542D9-7737-42C4-B891-6052025DC0EB} = {C7422EFA-7DBA-4158-9FA2-5B9D8E9FD384}
		{2F271F0C-92F7-4667-84F1-A2A991817EA8} = {C7422EFA-7DBA-4158-9FA2-5B9D8E9FD384}
		{E6C9BAD2-6F86-4C5C-9156-832A3849F837} = {2C9EE55D-1D0E-4BE3-A4EA-DE6DC4152044}
		{1D658492-B630-4D15-AEFA-8A8A1EC516DD} = {67BB929F-F103-4DE0-935D-58E06F67F5F0}
		{CAB2C9EC-AF25-49FC-87AA-21A2DD291CED} = {1D658492-B630-4D15-AEFA-8A8A1EC516DD}
		{F5F126BD-B226-40E7-9EBC-D5712662DCF0} = {695999DC-71B9-482B-A084-FD9157CB59AD}
		{016229D6-18D7-491F-BD22-0667FB568C86} = {F5F126BD-B226-40E7-9EBC-D5712662DCF0}
	EndGlobalSection
	GlobalSection(ExtensibilityGlobals) = postSolution
		SolutionGuid = {E1BA205C-E1B4-4486-8EAB-0401E883FDD0}
	EndGlobalSection
EndGlobal
